{
    "version": 3,
    "terraform_version": "0.11.7",
    "serial": 3,
    "lineage": "8caf1416-5108-c106-fcd5-c27fd368f95a",
    "modules": [
        {
            "path": [
                "root"
            ],
            "outputs": {
                "MASTER": {
                    "sensitive": false,
                    "type": "string",
                    "value": "18.212.16.205"
                },
                "WORKER1": {
                    "sensitive": false,
                    "type": "string",
                    "value": "54.173.189.142"
                },
                "WORKER2": {
                    "sensitive": false,
                    "type": "string",
                    "value": "34.238.38.95"
                }
            },
            "resources": {
                "aws_instance.master": {
                    "type": "aws_instance",
                    "depends_on": [
                        "aws_key_pair.default",
                        "aws_security_group.default"
                    ],
                    "primary": {
                        "id": "i-01d04f462b7465e82",
                        "attributes": {
                            "ami": "ami-4fffc834",
                            "associate_public_ip_address": "true",
                            "availability_zone": "us-east-1b",
                            "cpu_core_count": "1",
                            "cpu_threads_per_core": "1",
                            "credit_specification.#": "1",
                            "credit_specification.0.cpu_credits": "standard",
                            "disable_api_termination": "false",
                            "ebs_block_device.#": "0",
                            "ebs_optimized": "false",
                            "ephemeral_block_device.#": "0",
                            "get_password_data": "false",
                            "iam_instance_profile": "",
                            "id": "i-01d04f462b7465e82",
                            "instance_state": "running",
                            "instance_type": "t2.micro",
                            "ipv6_addresses.#": "0",
                            "key_name": "clusterkp",
                            "monitoring": "false",
                            "network_interface.#": "0",
                            "network_interface_id": "eni-0f51d3fbd6321d926",
                            "password_data": "",
                            "placement_group": "",
                            "primary_network_interface_id": "eni-0f51d3fbd6321d926",
                            "private_dns": "ip-172-31-91-224.ec2.internal",
                            "private_ip": "172.31.91.224",
                            "public_dns": "ec2-18-212-16-205.compute-1.amazonaws.com",
                            "public_ip": "18.212.16.205",
                            "root_block_device.#": "1",
                            "root_block_device.0.delete_on_termination": "true",
                            "root_block_device.0.iops": "100",
                            "root_block_device.0.volume_id": "vol-0ced267159ecbf791",
                            "root_block_device.0.volume_size": "8",
                            "root_block_device.0.volume_type": "gp2",
                            "security_groups.#": "1",
                            "security_groups.1807243758": "sg_myawsswarmcluster",
                            "source_dest_check": "true",
                            "subnet_id": "subnet-eba31dc5",
                            "tags.%": "1",
                            "tags.Name": "master",
                            "tenancy": "default",
                            "user_data": "ad9ad256542b92b223aa1022882e8eadfb21156f",
                            "volume_tags.%": "0",
                            "vpc_security_group_ids.#": "1",
                            "vpc_security_group_ids.624784529": "sg-068f47f4bc37883fd"
                        },
                        "meta": {
                            "e2bfb730-ecaa-11e6-8f88-34363bc7c4c0": {
                                "create": 600000000000,
                                "delete": 1200000000000,
                                "update": 600000000000
                            },
                            "schema_version": "1"
                        },
                        "tainted": false
                    },
                    "deposed": [],
                    "provider": "provider.aws"
                },
                "aws_instance.worker1": {
                    "type": "aws_instance",
                    "depends_on": [
                        "aws_key_pair.default",
                        "aws_security_group.default"
                    ],
                    "primary": {
                        "id": "i-03971c993f6cedb30",
                        "attributes": {
                            "ami": "ami-4fffc834",
                            "associate_public_ip_address": "true",
                            "availability_zone": "us-east-1b",
                            "cpu_core_count": "1",
                            "cpu_threads_per_core": "1",
                            "credit_specification.#": "1",
                            "credit_specification.0.cpu_credits": "standard",
                            "disable_api_termination": "false",
                            "ebs_block_device.#": "0",
                            "ebs_optimized": "false",
                            "ephemeral_block_device.#": "0",
                            "get_password_data": "false",
                            "iam_instance_profile": "",
                            "id": "i-03971c993f6cedb30",
                            "instance_state": "running",
                            "instance_type": "t2.micro",
                            "ipv6_addresses.#": "0",
                            "key_name": "clusterkp",
                            "monitoring": "false",
                            "network_interface.#": "0",
                            "network_interface_id": "eni-0ada4ca48372da9f4",
                            "password_data": "",
                            "placement_group": "",
                            "primary_network_interface_id": "eni-0ada4ca48372da9f4",
                            "private_dns": "ip-172-31-82-138.ec2.internal",
                            "private_ip": "172.31.82.138",
                            "public_dns": "ec2-54-173-189-142.compute-1.amazonaws.com",
                            "public_ip": "54.173.189.142",
                            "root_block_device.#": "1",
                            "root_block_device.0.delete_on_termination": "true",
                            "root_block_device.0.iops": "100",
                            "root_block_device.0.volume_id": "vol-015643f72a4d39ffd",
                            "root_block_device.0.volume_size": "8",
                            "root_block_device.0.volume_type": "gp2",
                            "security_groups.#": "1",
                            "security_groups.1807243758": "sg_myawsswarmcluster",
                            "source_dest_check": "true",
                            "subnet_id": "subnet-eba31dc5",
                            "tags.%": "1",
                            "tags.Name": "worker 1",
                            "tenancy": "default",
                            "user_data": "ad9ad256542b92b223aa1022882e8eadfb21156f",
                            "volume_tags.%": "0",
                            "vpc_security_group_ids.#": "1",
                            "vpc_security_group_ids.624784529": "sg-068f47f4bc37883fd"
                        },
                        "meta": {
                            "e2bfb730-ecaa-11e6-8f88-34363bc7c4c0": {
                                "create": 600000000000,
                                "delete": 1200000000000,
                                "update": 600000000000
                            },
                            "schema_version": "1"
                        },
                        "tainted": false
                    },
                    "deposed": [],
                    "provider": "provider.aws"
                },
                "aws_instance.worker2": {
                    "type": "aws_instance",
                    "depends_on": [
                        "aws_key_pair.default",
                        "aws_security_group.default"
                    ],
                    "primary": {
                        "id": "i-0cbe6186e5c840cbc",
                        "attributes": {
                            "ami": "ami-4fffc834",
                            "associate_public_ip_address": "true",
                            "availability_zone": "us-east-1b",
                            "cpu_core_count": "1",
                            "cpu_threads_per_core": "1",
                            "credit_specification.#": "1",
                            "credit_specification.0.cpu_credits": "standard",
                            "disable_api_termination": "false",
                            "ebs_block_device.#": "0",
                            "ebs_optimized": "false",
                            "ephemeral_block_device.#": "0",
                            "get_password_data": "false",
                            "iam_instance_profile": "",
                            "id": "i-0cbe6186e5c840cbc",
                            "instance_state": "running",
                            "instance_type": "t2.micro",
                            "ipv6_addresses.#": "0",
                            "key_name": "clusterkp",
                            "monitoring": "false",
                            "network_interface.#": "0",
                            "network_interface_id": "eni-0dd353a58e9850bde",
                            "password_data": "",
                            "placement_group": "",
                            "primary_network_interface_id": "eni-0dd353a58e9850bde",
                            "private_dns": "ip-172-31-86-149.ec2.internal",
                            "private_ip": "172.31.86.149",
                            "public_dns": "ec2-34-238-38-95.compute-1.amazonaws.com",
                            "public_ip": "34.238.38.95",
                            "root_block_device.#": "1",
                            "root_block_device.0.delete_on_termination": "true",
                            "root_block_device.0.iops": "100",
                            "root_block_device.0.volume_id": "vol-03523d1547e830d0f",
                            "root_block_device.0.volume_size": "8",
                            "root_block_device.0.volume_type": "gp2",
                            "security_groups.#": "1",
                            "security_groups.1807243758": "sg_myawsswarmcluster",
                            "source_dest_check": "true",
                            "subnet_id": "subnet-eba31dc5",
                            "tags.%": "1",
                            "tags.Name": "worker 2",
                            "tenancy": "default",
                            "user_data": "ad9ad256542b92b223aa1022882e8eadfb21156f",
                            "volume_tags.%": "0",
                            "vpc_security_group_ids.#": "1",
                            "vpc_security_group_ids.624784529": "sg-068f47f4bc37883fd"
                        },
                        "meta": {
                            "e2bfb730-ecaa-11e6-8f88-34363bc7c4c0": {
                                "create": 600000000000,
                                "delete": 1200000000000,
                                "update": 600000000000
                            },
                            "schema_version": "1"
                        },
                        "tainted": false
                    },
                    "deposed": [],
                    "provider": "provider.aws"
                },
                "aws_key_pair.default": {
                    "type": "aws_key_pair",
                    "depends_on": [],
                    "primary": {
                        "id": "clusterkp",
                        "attributes": {
                            "id": "clusterkp",
                            "key_name": "clusterkp",
                            "public_key": "ssh-rsa AAAAB3NzaC1yc2EAAAABIwAAAQEA4TpZh8vEe+Kd3f/HRlZzLr/ShnQME7ickA7oQGsfd0EjnOoNMeP7PFTJskL2EGpMtEj4EG5lMKByO5FevkyQW8g3P+qHwLmxnIqC7ipJgJfKHPL0ohBAkLMKz1dt8LWPlMXe6HK6yMzPZNPZSMeLo8SdTKskQt1DJV7rC8QmbuKh+qF2lxyaZ7V+uKNvzOnRADQJn2WXyxzPbigmHvwZBxWvt7drNUVB/cQNZJVjoX8y95rK/wmQf/HVkEBhI8QGw53dG0DCGhHoEn+hbPp3xq+pICUCfGVWATVJKd0lRu5XmfJavHW2j4u7KCp1CBZWgIPfGCvc/BoH9zGFHfKvEw== !!IN/I/04568Q/IBM/Murugesan.Samikkannu!!"
                        },
                        "meta": {
                            "schema_version": "1"
                        },
                        "tainted": false
                    },
                    "deposed": [],
                    "provider": "provider.aws"
                },
                "aws_security_group.default": {
                    "type": "aws_security_group",
                    "depends_on": [],
                    "primary": {
                        "id": "sg-068f47f4bc37883fd",
                        "attributes": {
                            "arn": "arn:aws:ec2:us-east-1:463950589869:security-group/sg-068f47f4bc37883fd",
                            "description": "Managed by Terraform",
                            "egress.#": "1",
                            "egress.1403647648.cidr_blocks.#": "1",
                            "egress.1403647648.cidr_blocks.0": "0.0.0.0/0",
                            "egress.1403647648.description": "",
                            "egress.1403647648.from_port": "0",
                            "egress.1403647648.ipv6_cidr_blocks.#": "0",
                            "egress.1403647648.prefix_list_ids.#": "0",
                            "egress.1403647648.protocol": "tcp",
                            "egress.1403647648.security_groups.#": "0",
                            "egress.1403647648.self": "false",
                            "egress.1403647648.to_port": "65535",
                            "id": "sg-068f47f4bc37883fd",
                            "ingress.#": "2",
                            "ingress.1403647648.cidr_blocks.#": "1",
                            "ingress.1403647648.cidr_blocks.0": "0.0.0.0/0",
                            "ingress.1403647648.description": "",
                            "ingress.1403647648.from_port": "0",
                            "ingress.1403647648.ipv6_cidr_blocks.#": "0",
                            "ingress.1403647648.protocol": "tcp",
                            "ingress.1403647648.security_groups.#": "0",
                            "ingress.1403647648.self": "false",
                            "ingress.1403647648.to_port": "65535",
                            "ingress.1799340084.cidr_blocks.#": "1",
                            "ingress.1799340084.cidr_blocks.0": "0.0.0.0/0",
                            "ingress.1799340084.description": "",
                            "ingress.1799340084.from_port": "-1",
                            "ingress.1799340084.ipv6_cidr_blocks.#": "0",
                            "ingress.1799340084.protocol": "icmp",
                            "ingress.1799340084.security_groups.#": "0",
                            "ingress.1799340084.self": "false",
                            "ingress.1799340084.to_port": "-1",
                            "name": "sg_myawsswarmcluster",
                            "owner_id": "463950589869",
                            "revoke_rules_on_delete": "false",
                            "tags.%": "0",
                            "vpc_id": "vpc-1505c76f"
                        },
                        "meta": {
                            "e2bfb730-ecaa-11e6-8f88-34363bc7c4c0": {
                                "create": 600000000000,
                                "delete": 600000000000
                            },
                            "schema_version": "1"
                        },
                        "tainted": false
                    },
                    "deposed": [],
                    "provider": "provider.aws"
                }
            },
            "depends_on": []
        }
    ]
}
